
Microsoft Visual Studio Solution File, Format Version 12.00
# Visual Studio 15
VisualStudioVersion = 15.0.26403.7
MinimumVisualStudioVersion = 10.0.40219.1
Project("{2150E333-8FDC-42A3-9474-1A3956D46DE8}") = "Bank", "Bank", "{18F0561C-65C7-4DF5-A886-0F670EE74B2A}"
EndProject
Project("{FAE04EC0-301F-11D3-BF4B-00C04F79EFBC}") = "Bank", "Bank\Bank.csproj", "{E6D11B2D-BEF9-4A48-B797-23E409E9632F}"
EndProject
Project("{FAE04EC0-301F-11D3-BF4B-00C04F79EFBC}") = "Bank.Test", "Bank.Test\Bank.Test.csproj", "{4A265020-35B1-46D1-A79C-960A6A1ABC64}"
EndProject
Project("{2150E333-8FDC-42A3-9474-1A3956D46DE8}") = "Exercises–1", "Exercises–1", "{6F6EB745-93DB-4E57-A5FE-2924CC30B493}"
EndProject
Project("{FAE04EC0-301F-11D3-BF4B-00C04F79EFBC}") = "ValidationEngine", "ValidationEngine\ValidationEngine.csproj", "{91AEEE1F-FDBB-4766-90F6-647795FDA26F}"
EndProject
Project("{FAE04EC0-301F-11D3-BF4B-00C04F79EFBC}") = "ValidationEngine.Tests", "ValidationEngine.Tests\ValidationEngine.Tests.csproj", "{34C5B24C-CA45-444B-8A55-627188B2D475}"
EndProject
Project("{2150E333-8FDC-42A3-9474-1A3956D46DE8}") = "CoinChanger", "CoinChanger", "{DAEB0661-212B-44E0-A7B6-C079F3829F58}"
EndProject
Project("{FAE04EC0-301F-11D3-BF4B-00C04F79EFBC}") = "CoinChangerApplication", "CoinChangerApplication\CoinChangerApplication.csproj", "{2653DC92-E0B7-4ADD-A27C-5D421B43238D}"
EndProject
Project("{FAE04EC0-301F-11D3-BF4B-00C04F79EFBC}") = "CoinChangerApplication.Tests", "CoinChangerApplication.Tests\CoinChangerApplication.Tests.csproj", "{6968AB20-CC3C-46C7-AC2A-0A081D71B1A8}"
EndProject
Project("{2150E333-8FDC-42A3-9474-1A3956D46DE8}") = "Exercises–2,4,5", "Exercises–2,4,5", "{068471F2-A889-4DF6-8EEE-A92BBD795A03}"
EndProject
Project("{FAE04EC0-301F-11D3-BF4B-00C04F79EFBC}") = "TravelAgency", "TravelAgency\TravelAgency.csproj", "{F0404C5E-F97B-4A24-B750-DB268362B238}"
EndProject
Project("{FAE04EC0-301F-11D3-BF4B-00C04F79EFBC}") = "TravelAgency.Tests", "TravelAgency.Tests\TravelAgency.Tests.csproj", "{88B5CD2E-B797-4063-8CC3-A9551E31249A}"
EndProject
Project("{2150E333-8FDC-42A3-9474-1A3956D46DE8}") = "Exercises-3", "Exercises-3", "{38FA0B6C-044F-4FF8-9184-FF5DD431F28D}"
EndProject
Project("{FAE04EC0-301F-11D3-BF4B-00C04F79EFBC}") = "StringCalculator", "StringCalculator\StringCalculator.csproj", "{7D817C80-E5BE-490A-BC20-D02AFFAE8157}"
EndProject
Project("{FAE04EC0-301F-11D3-BF4B-00C04F79EFBC}") = "StringCalculator.Test", "StringCalculator.Test\StringCalculator.Test.csproj", "{8BB055E7-287B-47D5-9856-E3427B537DFC}"
EndProject
Project("{2150E333-8FDC-42A3-9474-1A3956D46DE8}") = "Solution Items", "Solution Items", "{04454FA7-F32C-45B6-B94D-F76F17D936C5}"
EndProject
Global
	GlobalSection(SolutionConfigurationPlatforms) = preSolution
		Debug|Any CPU = Debug|Any CPU
		Release|Any CPU = Release|Any CPU
	EndGlobalSection
	GlobalSection(ProjectConfigurationPlatforms) = postSolution
		{E6D11B2D-BEF9-4A48-B797-23E409E9632F}.Debug|Any CPU.ActiveCfg = Debug|Any CPU
		{E6D11B2D-BEF9-4A48-B797-23E409E9632F}.Debug|Any CPU.Build.0 = Debug|Any CPU
		{E6D11B2D-BEF9-4A48-B797-23E409E9632F}.Release|Any CPU.ActiveCfg = Release|Any CPU
		{E6D11B2D-BEF9-4A48-B797-23E409E9632F}.Release|Any CPU.Build.0 = Release|Any CPU
		{4A265020-35B1-46D1-A79C-960A6A1ABC64}.Debug|Any CPU.ActiveCfg = Debug|Any CPU
		{4A265020-35B1-46D1-A79C-960A6A1ABC64}.Debug|Any CPU.Build.0 = Debug|Any CPU
		{4A265020-35B1-46D1-A79C-960A6A1ABC64}.Release|Any CPU.ActiveCfg = Release|Any CPU
		{4A265020-35B1-46D1-A79C-960A6A1ABC64}.Release|Any CPU.Build.0 = Release|Any CPU
		{91AEEE1F-FDBB-4766-90F6-647795FDA26F}.Debug|Any CPU.ActiveCfg = Debug|Any CPU
		{91AEEE1F-FDBB-4766-90F6-647795FDA26F}.Debug|Any CPU.Build.0 = Debug|Any CPU
		{91AEEE1F-FDBB-4766-90F6-647795FDA26F}.Release|Any CPU.ActiveCfg = Release|Any CPU
		{91AEEE1F-FDBB-4766-90F6-647795FDA26F}.Release|Any CPU.Build.0 = Release|Any CPU
		{34C5B24C-CA45-444B-8A55-627188B2D475}.Debug|Any CPU.ActiveCfg = Debug|Any CPU
		{34C5B24C-CA45-444B-8A55-627188B2D475}.Debug|Any CPU.Build.0 = Debug|Any CPU
		{34C5B24C-CA45-444B-8A55-627188B2D475}.Release|Any CPU.ActiveCfg = Release|Any CPU
		{34C5B24C-CA45-444B-8A55-627188B2D475}.Release|Any CPU.Build.0 = Release|Any CPU
		{2653DC92-E0B7-4ADD-A27C-5D421B43238D}.Debug|Any CPU.ActiveCfg = Debug|Any CPU
		{2653DC92-E0B7-4ADD-A27C-5D421B43238D}.Debug|Any CPU.Build.0 = Debug|Any CPU
		{2653DC92-E0B7-4ADD-A27C-5D421B43238D}.Release|Any CPU.ActiveCfg = Release|Any CPU
		{2653DC92-E0B7-4ADD-A27C-5D421B43238D}.Release|Any CPU.Build.0 = Release|Any CPU
		{6968AB20-CC3C-46C7-AC2A-0A081D71B1A8}.Debug|Any CPU.ActiveCfg = Debug|Any CPU
		{6968AB20-CC3C-46C7-AC2A-0A081D71B1A8}.Debug|Any CPU.Build.0 = Debug|Any CPU
		{6968AB20-CC3C-46C7-AC2A-0A081D71B1A8}.Release|Any CPU.ActiveCfg = Release|Any CPU
		{6968AB20-CC3C-46C7-AC2A-0A081D71B1A8}.Release|Any CPU.Build.0 = Release|Any CPU
		{F0404C5E-F97B-4A24-B750-DB268362B238}.Debug|Any CPU.ActiveCfg = Debug|Any CPU
		{F0404C5E-F97B-4A24-B750-DB268362B238}.Debug|Any CPU.Build.0 = Debug|Any CPU
		{F0404C5E-F97B-4A24-B750-DB268362B238}.Release|Any CPU.ActiveCfg = Release|Any CPU
		{F0404C5E-F97B-4A24-B750-DB268362B238}.Release|Any CPU.Build.0 = Release|Any CPU
		{88B5CD2E-B797-4063-8CC3-A9551E31249A}.Debug|Any CPU.ActiveCfg = Debug|Any CPU
		{88B5CD2E-B797-4063-8CC3-A9551E31249A}.Debug|Any CPU.Build.0 = Debug|Any CPU
		{88B5CD2E-B797-4063-8CC3-A9551E31249A}.Release|Any CPU.ActiveCfg = Release|Any CPU
		{88B5CD2E-B797-4063-8CC3-A9551E31249A}.Release|Any CPU.Build.0 = Release|Any CPU
		{7D817C80-E5BE-490A-BC20-D02AFFAE8157}.Debug|Any CPU.ActiveCfg = Debug|Any CPU
		{7D817C80-E5BE-490A-BC20-D02AFFAE8157}.Debug|Any CPU.Build.0 = Debug|Any CPU
		{7D817C80-E5BE-490A-BC20-D02AFFAE8157}.Release|Any CPU.ActiveCfg = Release|Any CPU
		{7D817C80-E5BE-490A-BC20-D02AFFAE8157}.Release|Any CPU.Build.0 = Release|Any CPU
		{8BB055E7-287B-47D5-9856-E3427B537DFC}.Debug|Any CPU.ActiveCfg = Debug|Any CPU
		{8BB055E7-287B-47D5-9856-E3427B537DFC}.Debug|Any CPU.Build.0 = Debug|Any CPU
		{8BB055E7-287B-47D5-9856-E3427B537DFC}.Release|Any CPU.ActiveCfg = Release|Any CPU
		{8BB055E7-287B-47D5-9856-E3427B537DFC}.Release|Any CPU.Build.0 = Release|Any CPU
	EndGlobalSection
	GlobalSection(SolutionProperties) = preSolution
		HideSolutionNode = FALSE
	EndGlobalSection
	GlobalSection(NestedProjects) = preSolution
		{E6D11B2D-BEF9-4A48-B797-23E409E9632F} = {18F0561C-65C7-4DF5-A886-0F670EE74B2A}
		{4A265020-35B1-46D1-A79C-960A6A1ABC64} = {18F0561C-65C7-4DF5-A886-0F670EE74B2A}
		{91AEEE1F-FDBB-4766-90F6-647795FDA26F} = {6F6EB745-93DB-4E57-A5FE-2924CC30B493}
		{34C5B24C-CA45-444B-8A55-627188B2D475} = {6F6EB745-93DB-4E57-A5FE-2924CC30B493}
		{2653DC92-E0B7-4ADD-A27C-5D421B43238D} = {DAEB0661-212B-44E0-A7B6-C079F3829F58}
		{6968AB20-CC3C-46C7-AC2A-0A081D71B1A8} = {DAEB0661-212B-44E0-A7B6-C079F3829F58}
		{F0404C5E-F97B-4A24-B750-DB268362B238} = {068471F2-A889-4DF6-8EEE-A92BBD795A03}
		{88B5CD2E-B797-4063-8CC3-A9551E31249A} = {068471F2-A889-4DF6-8EEE-A92BBD795A03}
		{7D817C80-E5BE-490A-BC20-D02AFFAE8157} = {38FA0B6C-044F-4FF8-9184-FF5DD431F28D}
		{8BB055E7-287B-47D5-9856-E3427B537DFC} = {38FA0B6C-044F-4FF8-9184-FF5DD431F28D}
	EndGlobalSection
EndGlobal
